Microsoft Visual Studio Solution File, Format Version 12.00
# Visual Studio Version 16
VisualStudioVersion = 16.0.0.0
MinimumVisualStudioVersion = 16.0.0.0
Project("{9A19103F-16F7-4668-BE54-9A1E7A4F7556}") = "codedash.Server", "Server\codedash.Server.csproj", "{EDF62734-4B92-4524-A07F-8751ED6B22FF}"
EndProject
Project("{9A19103F-16F7-4668-BE54-9A1E7A4F7556}") = "codedash.Client", "Client\codedash.Client.csproj", "{1E112A71-2FEA-499F-8D89-203E33679291}"
EndProject
Project("{9A19103F-16F7-4668-BE54-9A1E7A4F7556}") = "codedash.Shared", "Shared\codedash.Shared.csproj", "{1742D764-A384-4236-AD07-050CF4C3B6B5}"
EndProject
Global
	GlobalSection(SolutionConfigurationPlatforms) = preSolution
		Debug|Any CPU = Debug|Any CPU
		Debug|x64 = Debug|x64
		Debug|x86 = Debug|x86
		Release|Any CPU = Release|Any CPU
		Release|x64 = Release|x64
		Release|x86 = Release|x86
	EndGlobalSection
	GlobalSection(ProjectConfigurationPlatforms) = postSolution
		{1E112A71-2FEA-499F-8D89-203E33679291}.Debug|Any CPU.ActiveCfg = Debug|Any CPU
		{1E112A71-2FEA-499F-8D89-203E33679291}.Debug|Any CPU.Build.0 = Debug|Any CPU
		{1E112A71-2FEA-499F-8D89-203E33679291}.Debug|x64.ActiveCfg = Debug|Any CPU
		{1E112A71-2FEA-499F-8D89-203E33679291}.Debug|x64.Build.0 = Debug|Any CPU
		{1E112A71-2FEA-499F-8D89-203E33679291}.Debug|x86.ActiveCfg = Debug|Any CPU
		{1E112A71-2FEA-499F-8D89-203E33679291}.Debug|x86.Build.0 = Debug|Any CPU
		{1E112A71-2FEA-499F-8D89-203E33679291}.Release|Any CPU.ActiveCfg = Release|Any CPU
		{1E112A71-2FEA-499F-8D89-203E33679291}.Release|Any CPU.Build.0 = Release|Any CPU
		{1E112A71-2FEA-499F-8D89-203E33679291}.Release|x64.ActiveCfg = Release|Any CPU
		{1E112A71-2FEA-499F-8D89-203E33679291}.Release|x64.Build.0 = Release|Any CPU
		{1E112A71-2FEA-499F-8D89-203E33679291}.Release|x86.ActiveCfg = Release|Any CPU
		{1E112A71-2FEA-499F-8D89-203E33679291}.Release|x86.Build.0 = Release|Any CPU
		{EDF62734-4B92-4524-A07F-8751ED6B22FF}.Debug|Any CPU.ActiveCfg = Debug|Any CPU
		{EDF62734-4B92-4524-A07F-8751ED6B22FF}.Debug|Any CPU.Build.0 = Debug|Any CPU
		{EDF62734-4B92-4524-A07F-8751ED6B22FF}.Debug|x64.ActiveCfg = Debug|Any CPU
		{EDF62734-4B92-4524-A07F-8751ED6B22FF}.Debug|x64.Build.0 = Debug|Any CPU
		{EDF62734-4B92-4524-A07F-8751ED6B22FF}.Debug|x86.ActiveCfg = Debug|Any CPU
		{EDF62734-4B92-4524-A07F-8751ED6B22FF}.Debug|x86.Build.0 = Debug|Any CPU
		{EDF62734-4B92-4524-A07F-8751ED6B22FF}.Release|Any CPU.ActiveCfg = Release|Any CPU
		{EDF62734-4B92-4524-A07F-8751ED6B22FF}.Release|Any CPU.Build.0 = Release|Any CPU
		{EDF62734-4B92-4524-A07F-8751ED6B22FF}.Release|x64.ActiveCfg = Release|Any CPU
		{EDF62734-4B92-4524-A07F-8751ED6B22FF}.Release|x64.Build.0 = Release|Any CPU
		{EDF62734-4B92-4524-A07F-8751ED6B22FF}.Release|x86.ActiveCfg = Release|Any CPU
		{EDF62734-4B92-4524-A07F-8751ED6B22FF}.Release|x86.Build.0 = Release|Any CPU
		{1742D764-A384-4236-AD07-050CF4C3B6B5}.Debug|Any CPU.ActiveCfg = Debug|Any CPU
		{1742D764-A384-4236-AD07-050CF4C3B6B5}.Debug|Any CPU.Build.0 = Debug|Any CPU
		{1742D764-A384-4236-AD07-050CF4C3B6B5}.Debug|x64.ActiveCfg = Debug|Any CPU
		{1742D764-A384-4236-AD07-050CF4C3B6B5}.Debug|x64.Build.0 = Debug|Any CPU
		{1742D764-A384-4236-AD07-050CF4C3B6B5}.Debug|x86.ActiveCfg = Debug|Any CPU
		{1742D764-A384-4236-AD07-050CF4C3B6B5}.Debug|x86.Build.0 = Debug|Any CPU
		{1742D764-A384-4236-AD07-050CF4C3B6B5}.Release|Any CPU.ActiveCfg = Release|Any CPU
		{1742D764-A384-4236-AD07-050CF4C3B6B5}.Release|Any CPU.Build.0 = Release|Any CPU
		{1742D764-A384-4236-AD07-050CF4C3B6B5}.Release|x64.ActiveCfg = Release|Any CPU
		{1742D764-A384-4236-AD07-050CF4C3B6B5}.Release|x64.Build.0 = Release|Any CPU
		{1742D764-A384-4236-AD07-050CF4C3B6B5}.Release|x86.ActiveCfg = Release|Any CPU
		{1742D764-A384-4236-AD07-050CF4C3B6B5}.Release|x86.Build.0 = Release|Any CPU
	EndGlobalSection
	GlobalSection(SolutionProperties) = preSolution
		HideSolutionNode = FALSE
	EndGlobalSection
	GlobalSection(ExtensibilityGlobals) = postSolution
		SolutionGuid = {9DD72EE2-2979-4A97-BBF9-B1E462A43235}
	EndGlobalSection
EndGlobal