Microsoft Visual Studio Solution File, Format Version 12.00
# Visual Studio Version 16
VisualStudioVersion = 16.0.0.0
MinimumVisualStudioVersion = 16.0.0.0
Project("{9A19103F-16F7-4668-BE54-9A1E7A4F7556}") = "Codedash.Server", "Server\Codedash.Server.csproj", "{7063AC60-BACF-4B2C-8521-A2800DEAD95A}"
EndProject
Project("{9A19103F-16F7-4668-BE54-9A1E7A4F7556}") = "Codedash.Client", "Client\Codedash.Client.csproj", "{643340EC-4943-4254-9508-75DB7A0C1C66}"
EndProject
Project("{9A19103F-16F7-4668-BE54-9A1E7A4F7556}") = "Codedash.Shared", "Shared\Codedash.Shared.csproj", "{384809D5-D62E-477C-924F-24728297FB35}"
EndProject
Global
	GlobalSection(SolutionConfigurationPlatforms) = preSolution
		Debug|Any CPU = Debug|Any CPU
		Debug|x64 = Debug|x64
		Debug|x86 = Debug|x86
		Release|Any CPU = Release|Any CPU
		Release|x64 = Release|x64
		Release|x86 = Release|x86
	EndGlobalSection
	GlobalSection(ProjectConfigurationPlatforms) = postSolution
		{643340EC-4943-4254-9508-75DB7A0C1C66}.Debug|Any CPU.ActiveCfg = Debug|Any CPU
		{643340EC-4943-4254-9508-75DB7A0C1C66}.Debug|Any CPU.Build.0 = Debug|Any CPU
		{643340EC-4943-4254-9508-75DB7A0C1C66}.Debug|x64.ActiveCfg = Debug|Any CPU
		{643340EC-4943-4254-9508-75DB7A0C1C66}.Debug|x64.Build.0 = Debug|Any CPU
		{643340EC-4943-4254-9508-75DB7A0C1C66}.Debug|x86.ActiveCfg = Debug|Any CPU
		{643340EC-4943-4254-9508-75DB7A0C1C66}.Debug|x86.Build.0 = Debug|Any CPU
		{643340EC-4943-4254-9508-75DB7A0C1C66}.Release|Any CPU.ActiveCfg = Release|Any CPU
		{643340EC-4943-4254-9508-75DB7A0C1C66}.Release|Any CPU.Build.0 = Release|Any CPU
		{643340EC-4943-4254-9508-75DB7A0C1C66}.Release|x64.ActiveCfg = Release|Any CPU
		{643340EC-4943-4254-9508-75DB7A0C1C66}.Release|x64.Build.0 = Release|Any CPU
		{643340EC-4943-4254-9508-75DB7A0C1C66}.Release|x86.ActiveCfg = Release|Any CPU
		{643340EC-4943-4254-9508-75DB7A0C1C66}.Release|x86.Build.0 = Release|Any CPU
		{7063AC60-BACF-4B2C-8521-A2800DEAD95A}.Debug|Any CPU.ActiveCfg = Debug|Any CPU
		{7063AC60-BACF-4B2C-8521-A2800DEAD95A}.Debug|Any CPU.Build.0 = Debug|Any CPU
		{7063AC60-BACF-4B2C-8521-A2800DEAD95A}.Debug|x64.ActiveCfg = Debug|Any CPU
		{7063AC60-BACF-4B2C-8521-A2800DEAD95A}.Debug|x64.Build.0 = Debug|Any CPU
		{7063AC60-BACF-4B2C-8521-A2800DEAD95A}.Debug|x86.ActiveCfg = Debug|Any CPU
		{7063AC60-BACF-4B2C-8521-A2800DEAD95A}.Debug|x86.Build.0 = Debug|Any CPU
		{7063AC60-BACF-4B2C-8521-A2800DEAD95A}.Release|Any CPU.ActiveCfg = Release|Any CPU
		{7063AC60-BACF-4B2C-8521-A2800DEAD95A}.Release|Any CPU.Build.0 = Release|Any CPU
		{7063AC60-BACF-4B2C-8521-A2800DEAD95A}.Release|x64.ActiveCfg = Release|Any CPU
		{7063AC60-BACF-4B2C-8521-A2800DEAD95A}.Release|x64.Build.0 = Release|Any CPU
		{7063AC60-BACF-4B2C-8521-A2800DEAD95A}.Release|x86.ActiveCfg = Release|Any CPU
		{7063AC60-BACF-4B2C-8521-A2800DEAD95A}.Release|x86.Build.0 = Release|Any CPU
		{384809D5-D62E-477C-924F-24728297FB35}.Debug|Any CPU.ActiveCfg = Debug|Any CPU
		{384809D5-D62E-477C-924F-24728297FB35}.Debug|Any CPU.Build.0 = Debug|Any CPU
		{384809D5-D62E-477C-924F-24728297FB35}.Debug|x64.ActiveCfg = Debug|Any CPU
		{384809D5-D62E-477C-924F-24728297FB35}.Debug|x64.Build.0 = Debug|Any CPU
		{384809D5-D62E-477C-924F-24728297FB35}.Debug|x86.ActiveCfg = Debug|Any CPU
		{384809D5-D62E-477C-924F-24728297FB35}.Debug|x86.Build.0 = Debug|Any CPU
		{384809D5-D62E-477C-924F-24728297FB35}.Release|Any CPU.ActiveCfg = Release|Any CPU
		{384809D5-D62E-477C-924F-24728297FB35}.Release|Any CPU.Build.0 = Release|Any CPU
		{384809D5-D62E-477C-924F-24728297FB35}.Release|x64.ActiveCfg = Release|Any CPU
		{384809D5-D62E-477C-924F-24728297FB35}.Release|x64.Build.0 = Release|Any CPU
		{384809D5-D62E-477C-924F-24728297FB35}.Release|x86.ActiveCfg = Release|Any CPU
		{384809D5-D62E-477C-924F-24728297FB35}.Release|x86.Build.0 = Release|Any CPU
	EndGlobalSection
	GlobalSection(SolutionProperties) = preSolution
		HideSolutionNode = FALSE
	EndGlobalSection
	GlobalSection(ExtensibilityGlobals) = postSolution
		SolutionGuid = {14318CDF-15EE-4392-94AF-97DDCB9D8256}
	EndGlobalSection
EndGlobal